
Microsoft Visual Studio Solution File, Format Version 12.00
# Visual Studio 2013
VisualStudioVersion = 12.0.31101.0
MinimumVisualStudioVersion = 10.0.40219.1
Project("{FAE04EC0-301F-11D3-BF4B-00C04F79EFBC}") = "Meridian", "Meridian\Meridian.csproj", "{C769D3C7-9A2F-440D-8CA1-25FE0BE98135}"
EndProject
Project("{2150E333-8FDC-42A3-9474-1A3956D46DE8}") = ".nuget", ".nuget", "{904094CC-4301-4E2F-9B1B-D8D4BB03735F}"
	ProjectSection(SolutionItems) = preProject
		.nuget\NuGet.Config = .nuget\NuGet.Config
		.nuget\NuGet.exe = .nuget\NuGet.exe
		.nuget\NuGet.targets = .nuget\NuGet.targets
	EndProjectSection
EndProject
Project("{FAE04EC0-301F-11D3-BF4B-00C04F79EFBC}") = "EchonestApi", "EchonestApi\Trunk\EchonestApi.csproj", "{DA5B936A-FAC0-48C8-973A-01AF3902CB16}"
EndProject
Project("{FAE04EC0-301F-11D3-BF4B-00C04F79EFBC}") = "LastFmLibPortable", "LastFmLibPortable\Trunk\LastFmLibPortable.csproj", "{476C6B20-3ACF-4C71-8847-AFCD90E29FBD}"
EndProject
Project("{FAE04EC0-301F-11D3-BF4B-00C04F79EFBC}") = "VkLibPortable", "VkLibPortable\Trunk\VkLibPortable.csproj", "{96824317-5143-413A-8EC6-5F92DE7AB60E}"
EndProject
Project("{2150E333-8FDC-42A3-9474-1A3956D46DE8}") = "Neptune", "Neptune", "{E66C0B37-0DC3-4B21-B3B7-E783BBA48554}"
EndProject
Project("{FAE04EC0-301F-11D3-BF4B-00C04F79EFBC}") = "Neptune.Base", "Neptune\Trunk\Neptune.Base\Neptune.Base.csproj", "{D914B630-6F50-47DE-9719-6CD7644C6908}"
EndProject
Project("{FAE04EC0-301F-11D3-BF4B-00C04F79EFBC}") = "Neptune.Desktop", "Neptune\Trunk\Neptune.Desktop\Neptune.Desktop.csproj", "{4AA2609B-B5E4-4F3E-95FD-47C1A27929B2}"
EndProject
Project("{2150E333-8FDC-42A3-9474-1A3956D46DE8}") = "Solution Items", "Solution Items", "{C7A02AB8-DB3F-4EE1-AC38-5D7285D14019}"
	ProjectSection(SolutionItems) = preProject
		LICENSE.txt = LICENSE.txt
	EndProjectSection
EndProject
Project("{FAE04EC0-301F-11D3-BF4B-00C04F79EFBC}") = "Xbox.Music", "XboxMusic\Xbox.Music.csproj", "{53203A30-E4CE-4B7E-AE31-A46B8C7CC142}"
EndProject
Project("{2150E333-8FDC-42A3-9474-1A3956D46DE8}") = "libs", "libs", "{285F580B-F600-46BE-A1B6-F4F3BA669C4F}"
	ProjectSection(SolutionItems) = preProject
		Meridian\bin\Debug\sqlite3.dll = Meridian\bin\Debug\sqlite3.dll
	EndProjectSection
EndProject
Global
	GlobalSection(SolutionConfigurationPlatforms) = preSolution
		Debug|Any CPU = Debug|Any CPU
		Debug|x86 = Debug|x86
		Release|Any CPU = Release|Any CPU
		Release|x86 = Release|x86
	EndGlobalSection
	GlobalSection(ProjectConfigurationPlatforms) = postSolution
		{C769D3C7-9A2F-440D-8CA1-25FE0BE98135}.Debug|Any CPU.ActiveCfg = Debug|Any CPU
		{C769D3C7-9A2F-440D-8CA1-25FE0BE98135}.Debug|Any CPU.Build.0 = Debug|Any CPU
		{C769D3C7-9A2F-440D-8CA1-25FE0BE98135}.Debug|x86.ActiveCfg = Debug|x86
		{C769D3C7-9A2F-440D-8CA1-25FE0BE98135}.Debug|x86.Build.0 = Debug|x86
		{C769D3C7-9A2F-440D-8CA1-25FE0BE98135}.Release|Any CPU.ActiveCfg = Release|Any CPU
		{C769D3C7-9A2F-440D-8CA1-25FE0BE98135}.Release|Any CPU.Build.0 = Release|Any CPU
		{C769D3C7-9A2F-440D-8CA1-25FE0BE98135}.Release|x86.ActiveCfg = Release|x86
		{C769D3C7-9A2F-440D-8CA1-25FE0BE98135}.Release|x86.Build.0 = Release|x86
		{DA5B936A-FAC0-48C8-973A-01AF3902CB16}.Debug|Any CPU.ActiveCfg = Debug|Any CPU
		{DA5B936A-FAC0-48C8-973A-01AF3902CB16}.Debug|Any CPU.Build.0 = Debug|Any CPU
		{DA5B936A-FAC0-48C8-973A-01AF3902CB16}.Debug|x86.ActiveCfg = Debug|x86
		{DA5B936A-FAC0-48C8-973A-01AF3902CB16}.Debug|x86.Build.0 = Debug|x86
		{DA5B936A-FAC0-48C8-973A-01AF3902CB16}.Release|Any CPU.ActiveCfg = Release|Any CPU
		{DA5B936A-FAC0-48C8-973A-01AF3902CB16}.Release|Any CPU.Build.0 = Release|Any CPU
		{DA5B936A-FAC0-48C8-973A-01AF3902CB16}.Release|x86.ActiveCfg = Release|x86
		{DA5B936A-FAC0-48C8-973A-01AF3902CB16}.Release|x86.Build.0 = Release|x86
		{476C6B20-3ACF-4C71-8847-AFCD90E29FBD}.Debug|Any CPU.ActiveCfg = Debug|Any CPU
		{476C6B20-3ACF-4C71-8847-AFCD90E29FBD}.Debug|Any CPU.Build.0 = Debug|Any CPU
		{476C6B20-3ACF-4C71-8847-AFCD90E29FBD}.Debug|x86.ActiveCfg = Debug|x86
		{476C6B20-3ACF-4C71-8847-AFCD90E29FBD}.Debug|x86.Build.0 = Debug|x86
		{476C6B20-3ACF-4C71-8847-AFCD90E29FBD}.Release|Any CPU.ActiveCfg = Release|Any CPU
		{476C6B20-3ACF-4C71-8847-AFCD90E29FBD}.Release|Any CPU.Build.0 = Release|Any CPU
		{476C6B20-3ACF-4C71-8847-AFCD90E29FBD}.Release|x86.ActiveCfg = Release|x86
		{476C6B20-3ACF-4C71-8847-AFCD90E29FBD}.Release|x86.Build.0 = Release|x86
		{96824317-5143-413A-8EC6-5F92DE7AB60E}.Debug|Any CPU.ActiveCfg = Debug|Any CPU
		{96824317-5143-413A-8EC6-5F92DE7AB60E}.Debug|Any CPU.Build.0 = Debug|Any CPU
		{96824317-5143-413A-8EC6-5F92DE7AB60E}.Debug|x86.ActiveCfg = Debug|x86
		{96824317-5143-413A-8EC6-5F92DE7AB60E}.Debug|x86.Build.0 = Debug|x86
		{96824317-5143-413A-8EC6-5F92DE7AB60E}.Release|Any CPU.ActiveCfg = Release|Any CPU
		{96824317-5143-413A-8EC6-5F92DE7AB60E}.Release|Any CPU.Build.0 = Release|Any CPU
		{96824317-5143-413A-8EC6-5F92DE7AB60E}.Release|x86.ActiveCfg = Release|x86
		{96824317-5143-413A-8EC6-5F92DE7AB60E}.Release|x86.Build.0 = Release|x86
		{D914B630-6F50-47DE-9719-6CD7644C6908}.Debug|Any CPU.ActiveCfg = Debug|Any CPU
		{D914B630-6F50-47DE-9719-6CD7644C6908}.Debug|Any CPU.Build.0 = Debug|Any CPU
		{D914B630-6F50-47DE-9719-6CD7644C6908}.Debug|x86.ActiveCfg = Debug|x86
		{D914B630-6F50-47DE-9719-6CD7644C6908}.Debug|x86.Build.0 = Debug|x86
		{D914B630-6F50-47DE-9719-6CD7644C6908}.Release|Any CPU.ActiveCfg = Release|Any CPU
		{D914B630-6F50-47DE-9719-6CD7644C6908}.Release|Any CPU.Build.0 = Release|Any CPU
		{D914B630-6F50-47DE-9719-6CD7644C6908}.Release|x86.ActiveCfg = Release|x86
		{D914B630-6F50-47DE-9719-6CD7644C6908}.Release|x86.Build.0 = Release|x86
		{4AA2609B-B5E4-4F3E-95FD-47C1A27929B2}.Debug|Any CPU.ActiveCfg = Debug|Any CPU
		{4AA2609B-B5E4-4F3E-95FD-47C1A27929B2}.Debug|Any CPU.Build.0 = Debug|Any CPU
		{4AA2609B-B5E4-4F3E-95FD-47C1A27929B2}.Debug|x86.ActiveCfg = Debug|x86
		{4AA2609B-B5E4-4F3E-95FD-47C1A27929B2}.Debug|x86.Build.0 = Debug|x86
		{4AA2609B-B5E4-4F3E-95FD-47C1A27929B2}.Release|Any CPU.ActiveCfg = Release|Any CPU
		{4AA2609B-B5E4-4F3E-95FD-47C1A27929B2}.Release|Any CPU.Build.0 = Release|Any CPU
		{4AA2609B-B5E4-4F3E-95FD-47C1A27929B2}.Release|x86.ActiveCfg = Release|x86
		{4AA2609B-B5E4-4F3E-95FD-47C1A27929B2}.Release|x86.Build.0 = Release|x86
		{53203A30-E4CE-4B7E-AE31-A46B8C7CC142}.Debug|Any CPU.ActiveCfg = Debug|Any CPU
		{53203A30-E4CE-4B7E-AE31-A46B8C7CC142}.Debug|Any CPU.Build.0 = Debug|Any CPU
		{53203A30-E4CE-4B7E-AE31-A46B8C7CC142}.Debug|x86.ActiveCfg = Debug|x86
		{53203A30-E4CE-4B7E-AE31-A46B8C7CC142}.Debug|x86.Build.0 = Debug|x86
		{53203A30-E4CE-4B7E-AE31-A46B8C7CC142}.Release|Any CPU.ActiveCfg = Release|Any CPU
		{53203A30-E4CE-4B7E-AE31-A46B8C7CC142}.Release|Any CPU.Build.0 = Release|Any CPU
		{53203A30-E4CE-4B7E-AE31-A46B8C7CC142}.Release|x86.ActiveCfg = Release|x86
		{53203A30-E4CE-4B7E-AE31-A46B8C7CC142}.Release|x86.Build.0 = Release|x86
	EndGlobalSection
	GlobalSection(SolutionProperties) = preSolution
		HideSolutionNode = FALSE
	EndGlobalSection
	GlobalSection(NestedProjects) = preSolution
		{DA5B936A-FAC0-48C8-973A-01AF3902CB16} = {285F580B-F600-46BE-A1B6-F4F3BA669C4F}
		{476C6B20-3ACF-4C71-8847-AFCD90E29FBD} = {285F580B-F600-46BE-A1B6-F4F3BA669C4F}
		{96824317-5143-413A-8EC6-5F92DE7AB60E} = {285F580B-F600-46BE-A1B6-F4F3BA669C4F}
		{E66C0B37-0DC3-4B21-B3B7-E783BBA48554} = {285F580B-F600-46BE-A1B6-F4F3BA669C4F}
		{D914B630-6F50-47DE-9719-6CD7644C6908} = {E66C0B37-0DC3-4B21-B3B7-E783BBA48554}
		{4AA2609B-B5E4-4F3E-95FD-47C1A27929B2} = {E66C0B37-0DC3-4B21-B3B7-E783BBA48554}
		{53203A30-E4CE-4B7E-AE31-A46B8C7CC142} = {285F580B-F600-46BE-A1B6-F4F3BA669C4F}
	EndGlobalSection
EndGlobal
